# THIS IS AN AUTOGENERATED FILE. DO NOT EDIT THIS FILE DIRECTLY.
assets/ajaxify-shop.js:
  development: 2018-04-02T11:23:39+01:00   60d8b89ba7867a87966a5717ae6f8ca6
assets/style.css:
  development: 2018-04-02T11:54:23+01:00   bc9fec3f7b2065237bfd95516345dc60
assets/style.min.css:
  development: 2018-04-02T13:47:36+01:00
layout/theme.liquid:
  development: 2018-04-02T10:26:10+01:00   4a8f0288970149e1d9f175f344eb4853
snippets/minicart.liquid:
  development: 2018-04-02T11:56:12+01:00   3a07d7a7a94b2ed785efdadf00cb1ca6
templates/product.liquid:
  development: 2017-12-06T09:41:06+00:00   3fba63b12a683c728fb2247decf0d589
