# THIS IS AN AUTOGENERATED FILE. DO NOT EDIT THIS FILE DIRECTLY.
assets/style.css:
  development: 2017-12-06T09:35:31+00:00   9bfaf23e7be72500f31fe0ec652f5187
assets/style.min.css:
  development: 2017-12-06T09:37:52+00:00   f04cbaaece37ce39d856131c0a2854d3
templates/product.liquid:
  development: 2017-12-06T09:41:06+00:00   3fba63b12a683c728fb2247decf0d589
